// !$*UTF8*$!
{
	archiveVersion = 1;
	classes = {
	};
	objectVersion = 55;
	objects = {

/* Begin PBXBuildFile section */
		520B577C28A57F6900422A41 /* AppDelegate.swift in Sources */ = {isa = PBXBuildFile; fileRef = 520B577B28A57F6900422A41 /* AppDelegate.swift */; };
		520B577E28A57F6900422A41 /* SceneDelegate.swift in Sources */ = {isa = PBXBuildFile; fileRef = 520B577D28A57F6900422A41 /* SceneDelegate.swift */; };
		520B578028A57F6900422A41 /* ViewController.swift in Sources */ = {isa = PBXBuildFile; fileRef = 520B577F28A57F6900422A41 /* ViewController.swift */; };
		520B578328A57F6900422A41 /* Main.storyboard in Resources */ = {isa = PBXBuildFile; fileRef = 520B578128A57F6900422A41 /* Main.storyboard */; };
		520B578528A57F6E00422A41 /* Assets.xcassets in Resources */ = {isa = PBXBuildFile; fileRef = 520B578428A57F6E00422A41 /* Assets.xcassets */; };
		520B578828A57F6E00422A41 /* LaunchScreen.storyboard in Resources */ = {isa = PBXBuildFile; fileRef = 520B578628A57F6E00422A41 /* LaunchScreen.storyboard */; };
		520B579228A581CF00422A41 /* SecondViewController.swift in Sources */ = {isa = PBXBuildFile; fileRef = 520B579128A581CF00422A41 /* SecondViewController.swift */; };
		520B579428A5868400422A41 /* ThirdViewController.swift in Sources */ = {isa = PBXBuildFile; fileRef = 520B579328A5868400422A41 /* ThirdViewController.swift */; };
		520B579628A5868F00422A41 /* FourthViewController.swift in Sources */ = {isa = PBXBuildFile; fileRef = 520B579528A5868F00422A41 /* FourthViewController.swift */; };
		520B579828A586AC00422A41 /* FifthViewController.swift in Sources */ = {isa = PBXBuildFile; fileRef = 520B579728A586AC00422A41 /* FifthViewController.swift */; };
/* End PBXBuildFile section */

/* Begin PBXFileReference section */
		520B577828A57F6900422A41 /* viewsSegues.app */ = {isa = PBXFileReference; explicitFileType = wrapper.application; includeInIndex = 0; path = viewsSegues.app; sourceTree = BUILT_PRODUCTS_DIR; };
		520B577B28A57F6900422A41 /* AppDelegate.swift */ = {isa = PBXFileReference; lastKnownFileType = sourcecode.swift; path = AppDelegate.swift; sourceTree = "<group>"; };
		520B577D28A57F6900422A41 /* SceneDelegate.swift */ = {isa = PBXFileReference; lastKnownFileType = sourcecode.swift; path = SceneDelegate.swift; sourceTree = "<group>"; };
		520B577F28A57F6900422A41 /* ViewController.swift */ = {isa = PBXFileReference; lastKnownFileType = sourcecode.swift; path = ViewController.swift; sourceTree = "<group>"; };
		520B578228A57F6900422A41 /* Base */ = {isa = PBXFileReference; lastKnownFileType = file.storyboard; name = Base; path = Base.lproj/Main.storyboard; sourceTree = "<group>"; };
		520B578428A57F6E00422A41 /* Assets.xcassets */ = {isa = PBXFileReference; lastKnownFileType = folder.assetcatalog; path = Assets.xcassets; sourceTree = "<group>"; };
		520B578728A57F6E00422A41 /* Base */ = {isa = PBXFileReference; lastKnownFileType = file.storyboard; name = Base; path = Base.lproj/LaunchScreen.storyboard; sourceTree = "<group>"; };
		520B578928A57F6E00422A41 /* Info.plist */ = {isa = PBXFileReference; lastKnownFileType = text.plist.xml; path = Info.plist; sourceTree = "<group>"; };
		520B579128A581CF00422A41 /* SecondViewController.swift */ = {isa = PBXFileReference; lastKnownFileType = sourcecode.swift; path = SecondViewController.swift; sourceTree = "<group>"; };
		520B579328A5868400422A41 /* ThirdViewController.swift */ = {isa = PBXFileReference; lastKnownFileType = sourcecode.swift; path = ThirdViewController.swift; sourceTree = "<group>"; };
		520B579528A5868F00422A41 /* FourthViewController.swift */ = {isa = PBXFileReference; lastKnownFileType = sourcecode.swift; path = FourthViewController.swift; sourceTree = "<group>"; };
		520B579728A586AC00422A41 /* FifthViewController.swift */ = {isa = PBXFileReference; lastKnownFileType = sourcecode.swift; path = FifthViewController.swift; sourceTree = "<group>"; };
/* End PBXFileReference section */

/* Begin PBXFrameworksBuildPhase section */
		520B577528A57F6900422A41 /* Frameworks */ = {
			isa = PBXFrameworksBuildPhase;
			buildActionMask = 2147483647;
			files = (
			);
			runOnlyForDeploymentPostprocessing = 0;
		};
/* End PBXFrameworksBuildPhase section */

/* Begin PBXGroup section */
		520B576F28A57F6900422A41 = {
			isa = PBXGroup;
			children = (
				520B577A28A57F6900422A41 /* viewsSegues */,
				520B577928A57F6900422A41 /* Products */,
			);
			sourceTree = "<group>";
		};
		520B577928A57F6900422A41 /* Products */ = {
			isa = PBXGroup;
			children = (
				520B577828A57F6900422A41 /* viewsSegues.app */,
			);
			name = Products;
			sourceTree = "<group>";
		};
		520B577A28A57F6900422A41 /* viewsSegues */ = {
			isa = PBXGroup;
			children = (
				520B577B28A57F6900422A41 /* AppDelegate.swift */,
				520B577D28A57F6900422A41 /* SceneDelegate.swift */,
				520B578128A57F6900422A41 /* Main.storyboard */,
				520B577F28A57F6900422A41 /* ViewController.swift */,
				520B579128A581CF00422A41 /* SecondViewController.swift */,
				520B579328A5868400422A41 /* ThirdViewController.swift */,
				520B579528A5868F00422A41 /* FourthViewController.swift */,
				520B579728A586AC00422A41 /* FifthViewController.swift */,
				520B578428A57F6E00422A41 /* Assets.xcassets */,
				520B578628A57F6E00422A41 /* LaunchScreen.storyboard */,
				520B578928A57F6E00422A41 /* Info.plist */,
			);
			path = viewsSegues;
			sourceTree = "<group>";
		};
/* End PBXGroup section */

/* Begin PBXNativeTarget section */
		520B577728A57F6900422A41 /* viewsSegues */ = {
			isa = PBXNativeTarget;
			buildConfigurationList = 520B578C28A57F6E00422A41 /* Build configuration list for PBXNativeTarget "viewsSegues" */;
			buildPhases = (
				520B577428A57F6900422A41 /* Sources */,
				520B577528A57F6900422A41 /* Frameworks */,
				520B577628A57F6900422A41 /* Resources */,
			);
			buildRules = (
			);
			dependencies = (
			);
			name = viewsSegues;
			productName = viewsSegues;
			productReference = 520B577828A57F6900422A41 /* viewsSegues.app */;
			productType = "com.apple.product-type.application";
		};
/* End PBXNativeTarget section */

/* Begin PBXProject section */
		520B577028A57F6900422A41 /* Project object */ = {
			isa = PBXProject;
			attributes = {
				BuildIndependentTargetsInParallel = 1;
				LastSwiftUpdateCheck = 1340;
				LastUpgradeCheck = 1340;
				TargetAttributes = {
					520B577728A57F6900422A41 = {
						CreatedOnToolsVersion = 13.4.1;
					};
				};
			};
			buildConfigurationList = 520B577328A57F6900422A41 /* Build configuration list for PBXProject "viewsSegues" */;
			compatibilityVersion = "Xcode 13.0";
			developmentRegion = en;
			hasScannedForEncodings = 0;
			knownRegions = (
				en,
				Base,
			);
			mainGroup = 520B576F28A57F6900422A41;
			productRefGroup = 520B577928A57F6900422A41 /* Products */;
			projectDirPath = "";
			projectRoot = "";
			targets = (
				520B577728A57F6900422A41 /* viewsSegues */,
			);
		};
/* End PBXProject section */

/* Begin PBXResourcesBuildPhase section */
		520B577628A57F6900422A41 /* Resources */ = {
			isa = PBXResourcesBuildPhase;
			buildActionMask = 2147483647;
			files = (
				520B578828A57F6E00422A41 /* LaunchScreen.storyboard in Resources */,
				520B578528A57F6E00422A41 /* Assets.xcassets in Resources */,
				520B578328A57F6900422A41 /* Main.storyboard in Resources */,
			);
			runOnlyForDeploymentPostprocessing = 0;
		};
/* End PBXResourcesBuildPhase section */

/* Begin PBXSourcesBuildPhase section */
		520B577428A57F6900422A41 /* Sources */ = {
			isa = PBXSourcesBuildPhase;
			buildActionMask = 2147483647;
			files = (
				520B579628A5868F00422A41 /* FourthViewController.swift in Sources */,
				520B579228A581CF00422A41 /* SecondViewController.swift in Sources */,
				520B578028A57F6900422A41 /* ViewController.swift in Sources */,
				520B579428A5868400422A41 /* ThirdViewController.swift in Sources */,
				520B577C28A57F6900422A41 /* AppDelegate.swift in Sources */,
				520B577E28A57F6900422A41 /* SceneDelegate.swift in Sources */,
				520B579828A586AC00422A41 /* FifthViewController.swift in Sources */,
			);
			runOnlyForDeploymentPostprocessing = 0;
		};
/* End PBXSourcesBuildPhase section */

/* Begin PBXVariantGroup section */
		520B578128A57F6900422A41 /* Main.storyboard */ = {
			isa = PBXVariantGroup;
			children = (
				520B578228A57F6900422A41 /* Base */,
			);
			name = Main.storyboard;
			sourceTree = "<group>";
		};
		520B578628A57F6E00422A41 /* LaunchScreen.storyboard */ = {
			isa = PBXVariantGroup;
			children = (
				520B578728A57F6E00422A41 /* Base */,
			);
			name = LaunchScreen.storyboard;
			sourceTree = "<group>";
		};
/* End PBXVariantGroup section */

/* Begin XCBuildConfiguration section */
		520B578A28A57F6E00422A41 /* Debug */ = {
			isa = XCBuildConfiguration;
			buildSettings = {
				ALWAYS_SEARCH_USER_PATHS = NO;
				CLANG_ANALYZER_NONNULL = YES;
				CLANG_ANALYZER_NUMBER_OBJECT_CONVERSION = YES_AGGRESSIVE;
				CLANG_CXX_LANGUAGE_STANDARD = "gnu++17";
				CLANG_ENABLE_MODULES = YES;
				CLANG_ENABLE_OBJC_ARC = YES;
				CLANG_ENABLE_OBJC_WEAK = YES;
				CLANG_WARN_BLOCK_CAPTURE_AUTORELEASING = YES;
				CLANG_WARN_BOOL_CONVERSION = YES;
				CLANG_WARN_COMMA = YES;
				CLANG_WARN_CONSTANT_CONVERSION = YES;
				CLANG_WARN_DEPRECATED_OBJC_IMPLEMENTATIONS = YES;
				CLANG_WARN_DIRECT_OBJC_ISA_USAGE = YES_ERROR;
				CLANG_WARN_DOCUMENTATION_COMMENTS = YES;
				CLANG_WARN_EMPTY_BODY = YES;
				CLANG_WARN_ENUM_CONVERSION = YES;
				CLANG_WARN_INFINITE_RECURSION = YES;
				CLANG_WARN_INT_CONVERSION = YES;
				CLANG_WARN_NON_LITERAL_NULL_CONVERSION = YES;
				CLANG_WARN_OBJC_IMPLICIT_RETAIN_SELF = YES;
				CLANG_WARN_OBJC_LITERAL_CONVERSION = YES;
				CLANG_WARN_OBJC_ROOT_CLASS = YES_ERROR;
				CLANG_WARN_QUOTED_INCLUDE_IN_FRAMEWORK_HEADER = YES;
				CLANG_WARN_RANGE_LOOP_ANALYSIS = YES;
				CLANG_WARN_STRICT_PROTOTYPES = YES;
				CLANG_WARN_SUSPICIOUS_MOVE = YES;
				CLANG_WARN_UNGUARDED_AVAILABILITY = YES_AGGRESSIVE;
				CLANG_WARN_UNREACHABLE_CODE = YES;
				CLANG_WARN__DUPLICATE_METHOD_MATCH = YES;
				COPY_PHASE_STRIP = NO;
				DEBUG_INFORMATION_FORMAT = dwarf;
				ENABLE_STRICT_OBJC_MSGSEND = YES;
				ENABLE_TESTABILITY = YES;
				GCC_C_LANGUAGE_STANDARD = gnu11;
				GCC_DYNAMIC_NO_PIC = NO;
				GCC_NO_COMMON_BLOCKS = YES;
				GCC_OPTIMIZATION_LEVEL = 0;
				GCC_PREPROCESSOR_DEFINITIONS = (
					"DEBUG=1",
					"$(inherited)",
				);
				GCC_WARN_64_TO_32_BIT_CONVERSION = YES;
				GCC_WARN_ABOUT_RETURN_TYPE = YES_ERROR;
				GCC_WARN_UNDECLARED_SELECTOR = YES;
				GCC_WARN_UNINITIALIZED_AUTOS = YES_AGGRESSIVE;
				GCC_WARN_UNUSED_FUNCTION = YES;
				GCC_WARN_UNUSED_VARIABLE = YES;
				IPHONEOS_DEPLOYMENT_TARGET = 15.5;
				MTL_ENABLE_DEBUG_INFO = INCLUDE_SOURCE;
				MTL_FAST_MATH = YES;
				ONLY_ACTIVE_ARCH = YES;
				SDKROOT = iphoneos;
				SWIFT_ACTIVE_COMPILATION_CONDITIONS = DEBUG;
				SWIFT_OPTIMIZATION_LEVEL = "-Onone";
			};
			name = Debug;
		};
		520B578B28A57F6E00422A41 /* Release */ = {
			isa = XCBuildConfiguration;
			buildSettings = {
				ALWAYS_SEARCH_USER_PATHS = NO;
				CLANG_ANALYZER_NONNULL = YES;
				CLANG_ANALYZER_NUMBER_OBJECT_CONVERSION = YES_AGGRESSIVE;
				CLANG_CXX_LANGUAGE_STANDARD = "gnu++17";
				CLANG_ENABLE_MODULES = YES;
				CLANG_ENABLE_OBJC_ARC = YES;
				CLANG_ENABLE_OBJC_WEAK = YES;
				CLANG_WARN_BLOCK_CAPTURE_AUTORELEASING = YES;
				CLANG_WARN_BOOL_CONVERSION = YES;
				CLANG_WARN_COMMA = YES;
				CLANG_WARN_CONSTANT_CONVERSION = YES;
				CLANG_WARN_DEPRECATED_OBJC_IMPLEMENTATIONS = YES;
				CLANG_WARN_DIRECT_OBJC_ISA_USAGE = YES_ERROR;
				CLANG_WARN_DOCUMENTATION_COMMENTS = YES;
				CLANG_WARN_EMPTY_BODY = YES;
				CLANG_WARN_ENUM_CONVERSION = YES;
				CLANG_WARN_INFINITE_RECURSION = YES;
				CLANG_WARN_INT_CONVERSION = YES;
				CLANG_WARN_NON_LITERAL_NULL_CONVERSION = YES;
				CLANG_WARN_OBJC_IMPLICIT_RETAIN_SELF = YES;
				CLANG_WARN_OBJC_LITERAL_CONVERSION = YES;
				CLANG_WARN_OBJC_ROOT_CLASS = YES_ERROR;
				CLANG_WARN_QUOTED_INCLUDE_IN_FRAMEWORK_HEADER = YES;
				CLANG_WARN_RANGE_LOOP_ANALYSIS = YES;
				CLANG_WARN_STRICT_PROTOTYPES = YES;
				CLANG_WARN_SUSPICIOUS_MOVE = YES;
				CLANG_WARN_UNGUARDED_AVAILABILITY = YES_AGGRESSIVE;
				CLANG_WARN_UNREACHABLE_CODE = YES;
				CLANG_WARN__DUPLICATE_METHOD_MATCH = YES;
				COPY_PHASE_STRIP = NO;
				DEBUG_INFORMATION_FORMAT = "dwarf-with-dsym";
				ENABLE_NS_ASSERTIONS = NO;
				ENABLE_STRICT_OBJC_MSGSEND = YES;
				GCC_C_LANGUAGE_STANDARD = gnu11;
				GCC_NO_COMMON_BLOCKS = YES;
				GCC_WARN_64_TO_32_BIT_CONVERSION = YES;
				GCC_WARN_ABOUT_RETURN_TYPE = YES_ERROR;
				GCC_WARN_UNDECLARED_SELECTOR = YES;
				GCC_WARN_UNINITIALIZED_AUTOS = YES_AGGRESSIVE;
				GCC_WARN_UNUSED_FUNCTION = YES;
				GCC_WARN_UNUSED_VARIABLE = YES;
				IPHONEOS_DEPLOYMENT_TARGET = 15.5;
				MTL_ENABLE_DEBUG_INFO = NO;
				MTL_FAST_MATH = YES;
				SDKROOT = iphoneos;
				SWIFT_COMPILATION_MODE = wholemodule;
				SWIFT_OPTIMIZATION_LEVEL = "-O";
				VALIDATE_PRODUCT = YES;
			};
			name = Release;
		};
		520B578D28A57F6E00422A41 /* Debug */ = {
			isa = XCBuildConfiguration;
			buildSettings = {
				ASSETCATALOG_COMPILER_APPICON_NAME = AppIcon;
				ASSETCATALOG_COMPILER_GLOBAL_ACCENT_COLOR_NAME = AccentColor;
				CODE_SIGN_STYLE = Automatic;
				CURRENT_PROJECT_VERSION = 1;
				DEVELOPMENT_TEAM = SPVQ2RG37Z;
				GENERATE_INFOPLIST_FILE = YES;
				INFOPLIST_FILE = viewsSegues/Info.plist;
				INFOPLIST_KEY_UIApplicationSupportsIndirectInputEvents = YES;
				INFOPLIST_KEY_UILaunchStoryboardName = LaunchScreen;
				INFOPLIST_KEY_UIMainStoryboardFile = Main;
				INFOPLIST_KEY_UISupportedInterfaceOrientations_iPad = "UIInterfaceOrientationPortrait UIInterfaceOrientationPortraitUpsideDown UIInterfaceOrientationLandscapeLeft UIInterfaceOrientationLandscapeRight";
				INFOPLIST_KEY_UISupportedInterfaceOrientations_iPhone = "UIInterfaceOrientationPortrait UIInterfaceOrientationLandscapeLeft UIInterfaceOrientationLandscapeRight";
				LD_RUNPATH_SEARCH_PATHS = (
					"$(inherited)",
					"@executable_path/Frameworks",
				);
				MARKETING_VERSION = 1.0;
				PRODUCT_BUNDLE_IDENTIFIER = Sophie.viewsSegues;
				PRODUCT_NAME = "$(TARGET_NAME)";
				SWIFT_EMIT_LOC_STRINGS = YES;
				SWIFT_VERSION = 5.0;
				TARGETED_DEVICE_FAMILY = "1,2";
			};
			name = Debug;
		};
		520B578E28A57F6E00422A41 /* Release */ = {
			isa = XCBuildConfiguration;
			buildSettings = {
				ASSETCATALOG_COMPILER_APPICON_NAME = AppIcon;
				ASSETCATALOG_COMPILER_GLOBAL_ACCENT_COLOR_NAME = AccentColor;
				CODE_SIGN_STYLE = Automatic;
				CURRENT_PROJECT_VERSION = 1;
				DEVELOPMENT_TEAM = SPVQ2RG37Z;
				GENERATE_INFOPLIST_FILE = YES;
				INFOPLIST_FILE = viewsSegues/Info.plist;
				INFOPLIST_KEY_UIApplicationSupportsIndirectInputEvents = YES;
				INFOPLIST_KEY_UILaunchStoryboardName = LaunchScreen;
				INFOPLIST_KEY_UIMainStoryboardFile = Main;
				INFOPLIST_KEY_UISupportedInterfaceOrientations_iPad = "UIInterfaceOrientationPortrait UIInterfaceOrientationPortraitUpsideDown UIInterfaceOrientationLandscapeLeft UIInterfaceOrientationLandscapeRight";
				INFOPLIST_KEY_UISupportedInterfaceOrientations_iPhone = "UIInterfaceOrientationPortrait UIInterfaceOrientationLandscapeLeft UIInterfaceOrientationLandscapeRight";
				LD_RUNPATH_SEARCH_PATHS = (
					"$(inherited)",
					"@executable_path/Frameworks",
				);
				MARKETING_VERSION = 1.0;
				PRODUCT_BUNDLE_IDENTIFIER = Sophie.viewsSegues;
				PRODUCT_NAME = "$(TARGET_NAME)";
				SWIFT_EMIT_LOC_STRINGS = YES;
				SWIFT_VERSION = 5.0;
				TARGETED_DEVICE_FAMILY = "1,2";
			};
			name = Release;
		};
/* End XCBuildConfiguration section */

/* Begin XCConfigurationList section */
		520B577328A57F6900422A41 /* Build configuration list for PBXProject "viewsSegues" */ = {
			isa = XCConfigurationList;
			buildConfigurations = (
				520B578A28A57F6E00422A41 /* Debug */,
				520B578B28A57F6E00422A41 /* Release */,
			);
			defaultConfigurationIsVisible = 0;
			defaultConfigurationName = Release;
		};
		520B578C28A57F6E00422A41 /* Build configuration list for PBXNativeTarget "viewsSegues" */ = {
			isa = XCConfigurationList;
			buildConfigurations = (
				520B578D28A57F6E00422A41 /* Debug */,
				520B578E28A57F6E00422A41 /* Release */,
			);
			defaultConfigurationIsVisible = 0;
			defaultConfigurationName = Release;
		};
/* End XCConfigurationList section */
	};
	rootObject = 520B577028A57F6900422A41 /* Project object */;
}
